// !$*UTF8*$!
{
	archiveVersion = 1;
	classes = {
	};
	objectVersion = 50;
	objects = {

/* Begin PBXBuildFile section */
		7100AACC217D053B00276BB9 /* LocationDataManager.swift in Sources */ = {isa = PBXBuildFile; fileRef = 7100AACB217D053B00276BB9 /* LocationDataManager.swift */; };
		7100AACE217D0D0E00276BB9 /* RestaurantItem.swift in Sources */ = {isa = PBXBuildFile; fileRef = 7100AACD217D0D0E00276BB9 /* RestaurantItem.swift */; };
		7100AAD0217D125800276BB9 /* MapDataManager.swift in Sources */ = {isa = PBXBuildFile; fileRef = 7100AACF217D125800276BB9 /* MapDataManager.swift */; };
		7100AAD2217D172100276BB9 /* MapViewController.swift in Sources */ = {isa = PBXBuildFile; fileRef = 7100AAD1217D172100276BB9 /* MapViewController.swift */; };
		7100AAD4217D1B0F00276BB9 /* MapLocations.plist in Resources */ = {isa = PBXBuildFile; fileRef = 7100AAD3217D1B0F00276BB9 /* MapLocations.plist */; };
		7114099E2180784E004682B7 /* RestaurantDetailViewController.swift in Sources */ = {isa = PBXBuildFile; fileRef = 7114099D2180784E004682B7 /* RestaurantDetailViewController.swift */; };
		711409AE2180A0AA004682B7 /* Miami.json in Resources */ = {isa = PBXBuildFile; fileRef = 711409A02180A0A9004682B7 /* Miami.json */; };
		711409AF2180A0AA004682B7 /* Las Vegas.json in Resources */ = {isa = PBXBuildFile; fileRef = 711409A12180A0A9004682B7 /* Las Vegas.json */; };
		711409B02180A0AA004682B7 /* New Orleans.json in Resources */ = {isa = PBXBuildFile; fileRef = 711409A22180A0A9004682B7 /* New Orleans.json */; };
		711409B12180A0AA004682B7 /* New York.json in Resources */ = {isa = PBXBuildFile; fileRef = 711409A32180A0A9004682B7 /* New York.json */; };
		711409B22180A0AA004682B7 /* Portland.json in Resources */ = {isa = PBXBuildFile; fileRef = 711409A42180A0A9004682B7 /* Portland.json */; };
		711409B32180A0AA004682B7 /* Houston.json in Resources */ = {isa = PBXBuildFile; fileRef = 711409A52180A0A9004682B7 /* Houston.json */; };
		711409B42180A0AA004682B7 /* Boston.json in Resources */ = {isa = PBXBuildFile; fileRef = 711409A62180A0A9004682B7 /* Boston.json */; };
		711409B52180A0AA004682B7 /* Los Angeles.json in Resources */ = {isa = PBXBuildFile; fileRef = 711409A72180A0A9004682B7 /* Los Angeles.json */; };
		711409B62180A0AA004682B7 /* Philadelphia.json in Resources */ = {isa = PBXBuildFile; fileRef = 711409A82180A0A9004682B7 /* Philadelphia.json */; };
		711409B72180A0AA004682B7 /* Aspen.json in Resources */ = {isa = PBXBuildFile; fileRef = 711409A92180A0A9004682B7 /* Aspen.json */; };
		711409B82180A0AA004682B7 /* Chicago.json in Resources */ = {isa = PBXBuildFile; fileRef = 711409AA2180A0A9004682B7 /* Chicago.json */; };
		711409B92180A0AA004682B7 /* San Francisco.json in Resources */ = {isa = PBXBuildFile; fileRef = 711409AB2180A0A9004682B7 /* San Francisco.json */; };
		711409BA2180A0AA004682B7 /* San Antonio.json in Resources */ = {isa = PBXBuildFile; fileRef = 711409AC2180A0AA004682B7 /* San Antonio.json */; };
		711409BB2180A0AA004682B7 /* Charleston.json in Resources */ = {isa = PBXBuildFile; fileRef = 711409AD2180A0AA004682B7 /* Charleston.json */; };
		711409BD2180A0E4004682B7 /* RestaurantAPIManager.swift in Sources */ = {isa = PBXBuildFile; fileRef = 711409BC2180A0E4004682B7 /* RestaurantAPIManager.swift */; };
		711409BF2180AA32004682B7 /* ExploreHeaderView.swift in Sources */ = {isa = PBXBuildFile; fileRef = 711409BE2180AA32004682B7 /* ExploreHeaderView.swift */; };
		711409C22180DD6B004682B7 /* LocationItem.swift in Sources */ = {isa = PBXBuildFile; fileRef = 711409C12180DD6B004682B7 /* LocationItem.swift */; };
		711409C42181BEAE004682B7 /* RestaurantCell.swift in Sources */ = {isa = PBXBuildFile; fileRef = 711409C32181BEAE004682B7 /* RestaurantCell.swift */; };
		711409C62181C2DA004682B7 /* RestaurantDataManager.swift in Sources */ = {isa = PBXBuildFile; fileRef = 711409C52181C2DA004682B7 /* RestaurantDataManager.swift */; };
		711409C82181C9E3004682B7 /* NoDataView.swift in Sources */ = {isa = PBXBuildFile; fileRef = 711409C72181C9E3004682B7 /* NoDataView.swift */; };
		711409CA2181CA24004682B7 /* NoDataView.xib in Resources */ = {isa = PBXBuildFile; fileRef = 711409C92181CA24004682B7 /* NoDataView.xib */; };
		7132901D217FAE4E007A2285 /* Segue.swift in Sources */ = {isa = PBXBuildFile; fileRef = 7132901C217FAE4E007A2285 /* Segue.swift */; };
		713670E9218260E0009E35D7 /* Explore.storyboard in Resources */ = {isa = PBXBuildFile; fileRef = 713670E8218260E0009E35D7 /* Explore.storyboard */; };
		713670EB218260F7009E35D7 /* Location.storyboard in Resources */ = {isa = PBXBuildFile; fileRef = 713670EA218260F7009E35D7 /* Location.storyboard */; };
		713670ED2182612F009E35D7 /* Resturants.storyboard in Resources */ = {isa = PBXBuildFile; fileRef = 713670EC2182612F009E35D7 /* Resturants.storyboard */; };
		713670EF21826176009E35D7 /* ResturantDetails.storyboard in Resources */ = {isa = PBXBuildFile; fileRef = 713670EE21826176009E35D7 /* ResturantDetails.storyboard */; };
		713670F121826198009E35D7 /* PhotoFilter.storyboard in Resources */ = {isa = PBXBuildFile; fileRef = 713670F021826198009E35D7 /* PhotoFilter.storyboard */; };
		713670F3218261A9009E35D7 /* Review.storyboard in Resources */ = {isa = PBXBuildFile; fileRef = 713670F2218261A9009E35D7 /* Review.storyboard */; };
		713670F6218261C4009E35D7 /* Map.storyboard in Resources */ = {isa = PBXBuildFile; fileRef = 713670F4218261C4009E35D7 /* Map.storyboard */; };
		713670F82183160F009E35D7 /* RatingsView.swift in Sources */ = {isa = PBXBuildFile; fileRef = 713670F72183160F009E35D7 /* RatingsView.swift */; };
		713670FA21832837009E35D7 /* ReviewFormViewController.swift in Sources */ = {isa = PBXBuildFile; fileRef = 713670F921832837009E35D7 /* ReviewFormViewController.swift */; };
		713670FC21832DDC009E35D7 /* FilterData.plist in Resources */ = {isa = PBXBuildFile; fileRef = 713670FB21832DDC009E35D7 /* FilterData.plist */; };
		713670FE21832E5F009E35D7 /* FilterItem.swift in Sources */ = {isa = PBXBuildFile; fileRef = 713670FD21832E5F009E35D7 /* FilterItem.swift */; };
		7136710021832F2E009E35D7 /* FilterManager.swift in Sources */ = {isa = PBXBuildFile; fileRef = 713670FF21832F2E009E35D7 /* FilterManager.swift */; };
		7136710221833315009E35D7 /* ImageFiltering.swift in Sources */ = {isa = PBXBuildFile; fileRef = 7136710121833315009E35D7 /* ImageFiltering.swift */; };
		7136710621833F81009E35D7 /* FilterCell.swift in Sources */ = {isa = PBXBuildFile; fileRef = 7136710521833F81009E35D7 /* FilterCell.swift */; };
		7136710821834224009E35D7 /* PhotoFilterViewController.swift in Sources */ = {isa = PBXBuildFile; fileRef = 7136710721834224009E35D7 /* PhotoFilterViewController.swift */; };
		7136710B2183AE53009E35D7 /* FoodiesModel.xcdatamodeld in Sources */ = {isa = PBXBuildFile; fileRef = 713671092183AE53009E35D7 /* FoodiesModel.xcdatamodeld */; };
		7136710E2183B2AA009E35D7 /* ReviewItem.swift in Sources */ = {isa = PBXBuildFile; fileRef = 7136710D2183B2AA009E35D7 /* ReviewItem.swift */; };
		713671102183B30F009E35D7 /* RestaurantPhotoItem.swift in Sources */ = {isa = PBXBuildFile; fileRef = 7136710F2183B30F009E35D7 /* RestaurantPhotoItem.swift */; };
		713671122183B5C1009E35D7 /* CoreDataManager.swift in Sources */ = {isa = PBXBuildFile; fileRef = 713671112183B5C1009E35D7 /* CoreDataManager.swift */; };
		71367114218484FE009E35D7 /* ReviewsViewController.swift in Sources */ = {isa = PBXBuildFile; fileRef = 71367113218484FE009E35D7 /* ReviewsViewController.swift */; };
		713671162184890D009E35D7 /* ReviewCell.swift in Sources */ = {isa = PBXBuildFile; fileRef = 713671152184890D009E35D7 /* ReviewCell.swift */; };
		713671182184F736009E35D7 /* PhotoCell.swift in Sources */ = {isa = PBXBuildFile; fileRef = 713671172184F736009E35D7 /* PhotoCell.swift */; };
		7136711A2184F81A009E35D7 /* PhotosViewController.swift in Sources */ = {isa = PBXBuildFile; fileRef = 713671192184F81A009E35D7 /* PhotosViewController.swift */; };
		7171D1D92173AD0300E92903 /* ExploreViewController.swift in Sources */ = {isa = PBXBuildFile; fileRef = 7171D1D82173AD0300E92903 /* ExploreViewController.swift */; };
		7171D1DB2173B2DC00E92903 /* ExploreData.plist in Resources */ = {isa = PBXBuildFile; fileRef = 7171D1DA2173B2DC00E92903 /* ExploreData.plist */; };
		7171D1DD2173B30B00E92903 /* ExploreItem.swift in Sources */ = {isa = PBXBuildFile; fileRef = 7171D1DC2173B30B00E92903 /* ExploreItem.swift */; };
		7171D1DF2173B53700E92903 /* ExploreDataManager.swift in Sources */ = {isa = PBXBuildFile; fileRef = 7171D1DE2173B53700E92903 /* ExploreDataManager.swift */; };
		717E5E09217CF866007265EE /* RestaurantViewController.swift in Sources */ = {isa = PBXBuildFile; fileRef = 717E5E08217CF866007265EE /* RestaurantViewController.swift */; };
		717E5E0B217CFC08007265EE /* LocationViewController.swift in Sources */ = {isa = PBXBuildFile; fileRef = 717E5E0A217CFC08007265EE /* LocationViewController.swift */; };
		717E5E0F217D00F8007265EE /* Locations.plist in Resources */ = {isa = PBXBuildFile; fileRef = 717E5E0E217D00F8007265EE /* Locations.plist */; };
		71C6960B21823A0F00994F75 /* ExploreCell.swift in Sources */ = {isa = PBXBuildFile; fileRef = 7171D1E02173BB7D00E92903 /* ExploreCell.swift */; };
		71F3E37F2172591200412AEA /* AppDelegate.swift in Sources */ = {isa = PBXBuildFile; fileRef = 71F3E37E2172591200412AEA /* AppDelegate.swift */; };
		71F3E3842172591200412AEA /* Main.storyboard in Resources */ = {isa = PBXBuildFile; fileRef = 71F3E3822172591200412AEA /* Main.storyboard */; };
		71F3E3892172591300412AEA /* LaunchScreen.storyboard in Resources */ = {isa = PBXBuildFile; fileRef = 71F3E3872172591300412AEA /* LaunchScreen.storyboard */; };
		71F3E39321725CA700412AEA /* Assets.xcassets in Resources */ = {isa = PBXBuildFile; fileRef = 71F3E39221725CA700412AEA /* Assets.xcassets */; };
/* End PBXBuildFile section */

/* Begin PBXFileReference section */
		7100AACB217D053B00276BB9 /* LocationDataManager.swift */ = {isa = PBXFileReference; lastKnownFileType = sourcecode.swift; path = LocationDataManager.swift; sourceTree = "<group>"; };
		7100AACD217D0D0E00276BB9 /* RestaurantItem.swift */ = {isa = PBXFileReference; lastKnownFileType = sourcecode.swift; path = RestaurantItem.swift; sourceTree = "<group>"; };
		7100AACF217D125800276BB9 /* MapDataManager.swift */ = {isa = PBXFileReference; lastKnownFileType = sourcecode.swift; path = MapDataManager.swift; sourceTree = "<group>"; };
		7100AAD1217D172100276BB9 /* MapViewController.swift */ = {isa = PBXFileReference; lastKnownFileType = sourcecode.swift; path = MapViewController.swift; sourceTree = "<group>"; };
		7100AAD3217D1B0F00276BB9 /* MapLocations.plist */ = {isa = PBXFileReference; fileEncoding = 4; lastKnownFileType = text.plist.xml; path = MapLocations.plist; sourceTree = "<group>"; };
		7114099D2180784E004682B7 /* RestaurantDetailViewController.swift */ = {isa = PBXFileReference; lastKnownFileType = sourcecode.swift; path = RestaurantDetailViewController.swift; sourceTree = "<group>"; };
		711409A02180A0A9004682B7 /* Miami.json */ = {isa = PBXFileReference; fileEncoding = 4; lastKnownFileType = text.json; path = Miami.json; sourceTree = "<group>"; };
		711409A12180A0A9004682B7 /* Las Vegas.json */ = {isa = PBXFileReference; fileEncoding = 4; lastKnownFileType = text.json; path = "Las Vegas.json"; sourceTree = "<group>"; };
		711409A22180A0A9004682B7 /* New Orleans.json */ = {isa = PBXFileReference; fileEncoding = 4; lastKnownFileType = text.json; path = "New Orleans.json"; sourceTree = "<group>"; };
		711409A32180A0A9004682B7 /* New York.json */ = {isa = PBXFileReference; fileEncoding = 4; lastKnownFileType = text.json; path = "New York.json"; sourceTree = "<group>"; };
		711409A42180A0A9004682B7 /* Portland.json */ = {isa = PBXFileReference; fileEncoding = 4; lastKnownFileType = text.json; path = Portland.json; sourceTree = "<group>"; };
		711409A52180A0A9004682B7 /* Houston.json */ = {isa = PBXFileReference; fileEncoding = 4; lastKnownFileType = text.json; path = Houston.json; sourceTree = "<group>"; };
		711409A62180A0A9004682B7 /* Boston.json */ = {isa = PBXFileReference; fileEncoding = 4; lastKnownFileType = text.json; path = Boston.json; sourceTree = "<group>"; };
		711409A72180A0A9004682B7 /* Los Angeles.json */ = {isa = PBXFileReference; fileEncoding = 4; lastKnownFileType = text.json; path = "Los Angeles.json"; sourceTree = "<group>"; };
		711409A82180A0A9004682B7 /* Philadelphia.json */ = {isa = PBXFileReference; fileEncoding = 4; lastKnownFileType = text.json; path = Philadelphia.json; sourceTree = "<group>"; };
		711409A92180A0A9004682B7 /* Aspen.json */ = {isa = PBXFileReference; fileEncoding = 4; lastKnownFileType = text.json; path = Aspen.json; sourceTree = "<group>"; };
		711409AA2180A0A9004682B7 /* Chicago.json */ = {isa = PBXFileReference; fileEncoding = 4; lastKnownFileType = text.json; path = Chicago.json; sourceTree = "<group>"; };
		711409AB2180A0A9004682B7 /* San Francisco.json */ = {isa = PBXFileReference; fileEncoding = 4; lastKnownFileType = text.json; path = "San Francisco.json"; sourceTree = "<group>"; };
		711409AC2180A0AA004682B7 /* San Antonio.json */ = {isa = PBXFileReference; fileEncoding = 4; lastKnownFileType = text.json; path = "San Antonio.json"; sourceTree = "<group>"; };
		711409AD2180A0AA004682B7 /* Charleston.json */ = {isa = PBXFileReference; fileEncoding = 4; lastKnownFileType = text.json; path = Charleston.json; sourceTree = "<group>"; };
		711409BC2180A0E4004682B7 /* RestaurantAPIManager.swift */ = {isa = PBXFileReference; lastKnownFileType = sourcecode.swift; path = RestaurantAPIManager.swift; sourceTree = "<group>"; };
		711409BE2180AA32004682B7 /* ExploreHeaderView.swift */ = {isa = PBXFileReference; lastKnownFileType = sourcecode.swift; path = ExploreHeaderView.swift; sourceTree = "<group>"; };
		711409C12180DD6B004682B7 /* LocationItem.swift */ = {isa = PBXFileReference; fileEncoding = 4; lastKnownFileType = sourcecode.swift; path = LocationItem.swift; sourceTree = "<group>"; };
		711409C32181BEAE004682B7 /* RestaurantCell.swift */ = {isa = PBXFileReference; lastKnownFileType = sourcecode.swift; path = RestaurantCell.swift; sourceTree = "<group>"; };
		711409C52181C2DA004682B7 /* RestaurantDataManager.swift */ = {isa = PBXFileReference; lastKnownFileType = sourcecode.swift; path = RestaurantDataManager.swift; sourceTree = "<group>"; };
		711409C72181C9E3004682B7 /* NoDataView.swift */ = {isa = PBXFileReference; lastKnownFileType = sourcecode.swift; path = NoDataView.swift; sourceTree = "<group>"; };
		711409C92181CA24004682B7 /* NoDataView.xib */ = {isa = PBXFileReference; lastKnownFileType = file.xib; path = NoDataView.xib; sourceTree = "<group>"; };
		7132901C217FAE4E007A2285 /* Segue.swift */ = {isa = PBXFileReference; lastKnownFileType = sourcecode.swift; path = Segue.swift; sourceTree = "<group>"; };
		713670E8218260E0009E35D7 /* Explore.storyboard */ = {isa = PBXFileReference; fileEncoding = 4; lastKnownFileType = file.storyboard; path = Explore.storyboard; sourceTree = "<group>"; };
		713670EA218260F7009E35D7 /* Location.storyboard */ = {isa = PBXFileReference; fileEncoding = 4; lastKnownFileType = file.storyboard; path = Location.storyboard; sourceTree = "<group>"; };
		713670EC2182612F009E35D7 /* Resturants.storyboard */ = {isa = PBXFileReference; fileEncoding = 4; lastKnownFileType = file.storyboard; path = Resturants.storyboard; sourceTree = "<group>"; };
		713670EE21826176009E35D7 /* ResturantDetails.storyboard */ = {isa = PBXFileReference; fileEncoding = 4; lastKnownFileType = file.storyboard; path = ResturantDetails.storyboard; sourceTree = "<group>"; };
		713670F021826198009E35D7 /* PhotoFilter.storyboard */ = {isa = PBXFileReference; fileEncoding = 4; lastKnownFileType = file.storyboard; path = PhotoFilter.storyboard; sourceTree = "<group>"; };
		713670F2218261A9009E35D7 /* Review.storyboard */ = {isa = PBXFileReference; fileEncoding = 4; lastKnownFileType = file.storyboard; path = Review.storyboard; sourceTree = "<group>"; };
		713670F5218261C4009E35D7 /* Base */ = {isa = PBXFileReference; lastKnownFileType = file.storyboard; name = Base; path = Foodies/View/Base.lproj/Map.storyboard; sourceTree = "<group>"; };
		713670F72183160F009E35D7 /* RatingsView.swift */ = {isa = PBXFileReference; lastKnownFileType = sourcecode.swift; path = RatingsView.swift; sourceTree = "<group>"; };
		713670F921832837009E35D7 /* ReviewFormViewController.swift */ = {isa = PBXFileReference; lastKnownFileType = sourcecode.swift; path = ReviewFormViewController.swift; sourceTree = "<group>"; };
		713670FB21832DDC009E35D7 /* FilterData.plist */ = {isa = PBXFileReference; fileEncoding = 4; lastKnownFileType = text.plist.xml; path = FilterData.plist; sourceTree = "<group>"; };
		713670FD21832E5F009E35D7 /* FilterItem.swift */ = {isa = PBXFileReference; lastKnownFileType = sourcecode.swift; path = FilterItem.swift; sourceTree = "<group>"; };
		713670FF21832F2E009E35D7 /* FilterManager.swift */ = {isa = PBXFileReference; lastKnownFileType = sourcecode.swift; path = FilterManager.swift; sourceTree = "<group>"; };
		7136710121833315009E35D7 /* ImageFiltering.swift */ = {isa = PBXFileReference; lastKnownFileType = sourcecode.swift; path = ImageFiltering.swift; sourceTree = "<group>"; };
		7136710521833F81009E35D7 /* FilterCell.swift */ = {isa = PBXFileReference; lastKnownFileType = sourcecode.swift; path = FilterCell.swift; sourceTree = "<group>"; };
		7136710721834224009E35D7 /* PhotoFilterViewController.swift */ = {isa = PBXFileReference; lastKnownFileType = sourcecode.swift; path = PhotoFilterViewController.swift; sourceTree = "<group>"; };
		7136710A2183AE53009E35D7 /* FoodiesModel.xcdatamodel */ = {isa = PBXFileReference; lastKnownFileType = wrapper.xcdatamodel; path = FoodiesModel.xcdatamodel; sourceTree = "<group>"; };
		7136710D2183B2AA009E35D7 /* ReviewItem.swift */ = {isa = PBXFileReference; lastKnownFileType = sourcecode.swift; path = ReviewItem.swift; sourceTree = "<group>"; };
		7136710F2183B30F009E35D7 /* RestaurantPhotoItem.swift */ = {isa = PBXFileReference; lastKnownFileType = sourcecode.swift; path = RestaurantPhotoItem.swift; sourceTree = "<group>"; };
		713671112183B5C1009E35D7 /* CoreDataManager.swift */ = {isa = PBXFileReference; lastKnownFileType = sourcecode.swift; path = CoreDataManager.swift; sourceTree = "<group>"; };
		71367113218484FE009E35D7 /* ReviewsViewController.swift */ = {isa = PBXFileReference; lastKnownFileType = sourcecode.swift; path = ReviewsViewController.swift; sourceTree = "<group>"; };
		713671152184890D009E35D7 /* ReviewCell.swift */ = {isa = PBXFileReference; lastKnownFileType = sourcecode.swift; path = ReviewCell.swift; sourceTree = "<group>"; };
		713671172184F736009E35D7 /* PhotoCell.swift */ = {isa = PBXFileReference; lastKnownFileType = sourcecode.swift; path = PhotoCell.swift; sourceTree = "<group>"; };
		713671192184F81A009E35D7 /* PhotosViewController.swift */ = {isa = PBXFileReference; lastKnownFileType = sourcecode.swift; path = PhotosViewController.swift; sourceTree = "<group>"; };
		7171D1D82173AD0300E92903 /* ExploreViewController.swift */ = {isa = PBXFileReference; lastKnownFileType = sourcecode.swift; path = ExploreViewController.swift; sourceTree = "<group>"; };
		7171D1DA2173B2DC00E92903 /* ExploreData.plist */ = {isa = PBXFileReference; fileEncoding = 4; lastKnownFileType = text.plist.xml; path = ExploreData.plist; sourceTree = "<group>"; };
		7171D1DC2173B30B00E92903 /* ExploreItem.swift */ = {isa = PBXFileReference; lastKnownFileType = sourcecode.swift; path = ExploreItem.swift; sourceTree = "<group>"; };
		7171D1DE2173B53700E92903 /* ExploreDataManager.swift */ = {isa = PBXFileReference; lastKnownFileType = sourcecode.swift; path = ExploreDataManager.swift; sourceTree = "<group>"; };
		7171D1E02173BB7D00E92903 /* ExploreCell.swift */ = {isa = PBXFileReference; lastKnownFileType = sourcecode.swift; path = ExploreCell.swift; sourceTree = "<group>"; };
		717E5E08217CF866007265EE /* RestaurantViewController.swift */ = {isa = PBXFileReference; lastKnownFileType = sourcecode.swift; path = RestaurantViewController.swift; sourceTree = "<group>"; };
		717E5E0A217CFC08007265EE /* LocationViewController.swift */ = {isa = PBXFileReference; lastKnownFileType = sourcecode.swift; path = LocationViewController.swift; sourceTree = "<group>"; };
		717E5E0E217D00F8007265EE /* Locations.plist */ = {isa = PBXFileReference; fileEncoding = 4; lastKnownFileType = text.plist.xml; path = Locations.plist; sourceTree = "<group>"; };
		71F3E37B2172591200412AEA /* Foodies.app */ = {isa = PBXFileReference; explicitFileType = wrapper.application; includeInIndex = 0; path = Foodies.app; sourceTree = BUILT_PRODUCTS_DIR; };
		71F3E37E2172591200412AEA /* AppDelegate.swift */ = {isa = PBXFileReference; lastKnownFileType = sourcecode.swift; path = AppDelegate.swift; sourceTree = "<group>"; };
		71F3E3832172591200412AEA /* Base */ = {isa = PBXFileReference; lastKnownFileType = file.storyboard; name = Base; path = Base.lproj/Main.storyboard; sourceTree = "<group>"; };
		71F3E3882172591300412AEA /* Base */ = {isa = PBXFileReference; lastKnownFileType = file.storyboard; name = Base; path = Base.lproj/LaunchScreen.storyboard; sourceTree = "<group>"; };
		71F3E38A2172591300412AEA /* Info.plist */ = {isa = PBXFileReference; lastKnownFileType = text.plist.xml; path = Info.plist; sourceTree = "<group>"; };
		71F3E39221725CA700412AEA /* Assets.xcassets */ = {isa = PBXFileReference; lastKnownFileType = folder.assetcatalog; path = Assets.xcassets; sourceTree = "<group>"; };
/* End PBXFileReference section */

/* Begin PBXFrameworksBuildPhase section */
		71F3E3782172591200412AEA /* Frameworks */ = {
			isa = PBXFrameworksBuildPhase;
			buildActionMask = 2147483647;
			files = (
			);
			runOnlyForDeploymentPostprocessing = 0;
		};
/* End PBXFrameworksBuildPhase section */

/* Begin PBXGroup section */
		7114099F2180A09A004682B7 /* JSON */ = {
			isa = PBXGroup;
			children = (
				711409A92180A0A9004682B7 /* Aspen.json */,
				711409A62180A0A9004682B7 /* Boston.json */,
				711409AD2180A0AA004682B7 /* Charleston.json */,
				711409AA2180A0A9004682B7 /* Chicago.json */,
				711409A52180A0A9004682B7 /* Houston.json */,
				711409A12180A0A9004682B7 /* Las Vegas.json */,
				711409A72180A0A9004682B7 /* Los Angeles.json */,
				711409A02180A0A9004682B7 /* Miami.json */,
				711409A22180A0A9004682B7 /* New Orleans.json */,
				711409A32180A0A9004682B7 /* New York.json */,
				711409A82180A0A9004682B7 /* Philadelphia.json */,
				711409A42180A0A9004682B7 /* Portland.json */,
				711409AC2180A0AA004682B7 /* San Antonio.json */,
				711409AB2180A0A9004682B7 /* San Francisco.json */,
			);
			path = JSON;
			sourceTree = "<group>";
		};
		711409C02180DBE7004682B7 /* plist */ = {
			isa = PBXGroup;
			children = (
				7171D1DA2173B2DC00E92903 /* ExploreData.plist */,
				713670FB21832DDC009E35D7 /* FilterData.plist */,
				717E5E0E217D00F8007265EE /* Locations.plist */,
				7100AAD3217D1B0F00276BB9 /* MapLocations.plist */,
			);
			path = plist;
			sourceTree = "<group>";
		};
		7186589321AC68B9007F9A39 /* Helpers */ = {
			isa = PBXGroup;
			children = (
				7132901C217FAE4E007A2285 /* Segue.swift */,
				7136710121833315009E35D7 /* ImageFiltering.swift */,
			);
			path = Helpers;
			sourceTree = "<group>";
		};
		7186589421AC68F7007F9A39 /* Custom Views */ = {
			isa = PBXGroup;
			children = (
				711409C72181C9E3004682B7 /* NoDataView.swift */,
				713670F72183160F009E35D7 /* RatingsView.swift */,
			);
			path = "Custom Views";
			sourceTree = "<group>";
		};
		7186589521AC6962007F9A39 /* Managers */ = {
			isa = PBXGroup;
			children = (
				713671112183B5C1009E35D7 /* CoreDataManager.swift */,
				7171D1DE2173B53700E92903 /* ExploreDataManager.swift */,
				7100AACB217D053B00276BB9 /* LocationDataManager.swift */,
				7100AACF217D125800276BB9 /* MapDataManager.swift */,
				711409BC2180A0E4004682B7 /* RestaurantAPIManager.swift */,
				711409C52181C2DA004682B7 /* RestaurantDataManager.swift */,
				713670FF21832F2E009E35D7 /* FilterManager.swift */,
			);
			path = Managers;
			sourceTree = "<group>";
		};
		71E3DB7321934B5100BD7CB1 /* Cells */ = {
			isa = PBXGroup;
			children = (
				711409C32181BEAE004682B7 /* RestaurantCell.swift */,
				7171D1E02173BB7D00E92903 /* ExploreCell.swift */,
				7136710521833F81009E35D7 /* FilterCell.swift */,
				713671152184890D009E35D7 /* ReviewCell.swift */,
				713671172184F736009E35D7 /* PhotoCell.swift */,
				711409BE2180AA32004682B7 /* ExploreHeaderView.swift */,
			);
			path = Cells;
			sourceTree = "<group>";
		};
		71E3DB7421934BC500BD7CB1 /* StoryBorads */ = {
			isa = PBXGroup;
			children = (
				71F3E3872172591300412AEA /* LaunchScreen.storyboard */,
				71F3E3822172591200412AEA /* Main.storyboard */,
				713670E8218260E0009E35D7 /* Explore.storyboard */,
				713670EA218260F7009E35D7 /* Location.storyboard */,
				713670EC2182612F009E35D7 /* Resturants.storyboard */,
				713670EE21826176009E35D7 /* ResturantDetails.storyboard */,
				713670F2218261A9009E35D7 /* Review.storyboard */,
				713670F021826198009E35D7 /* PhotoFilter.storyboard */,
				713670F4218261C4009E35D7 /* Map.storyboard */,
				711409C92181CA24004682B7 /* NoDataView.xib */,
			);
			path = StoryBorads;
			sourceTree = "<group>";
		};
		71F3E3722172591200412AEA = {
			isa = PBXGroup;
			children = (
				71F3E37D2172591200412AEA /* Foodies */,
				71F3E37C2172591200412AEA /* Products */,
			);
			sourceTree = "<group>";
		};
		71F3E37C2172591200412AEA /* Products */ = {
			isa = PBXGroup;
			children = (
				71F3E37B2172591200412AEA /* Foodies.app */,
			);
			name = Products;
			sourceTree = "<group>";
		};
		71F3E37D2172591200412AEA /* Foodies */ = {
			isa = PBXGroup;
			children = (
				71F3E3982172616700412AEA /* Controllers */,
				71F3E39A2172619800412AEA /* View */,
				71F3E3992172618400412AEA /* Model */,
				7186589321AC68B9007F9A39 /* Helpers */,
				71F3E38A2172591300412AEA /* Info.plist */,
				713671092183AE53009E35D7 /* FoodiesModel.xcdatamodeld */,
			);
			path = Foodies;
			sourceTree = "<group>";
		};
		71F3E3982172616700412AEA /* Controllers */ = {
			isa = PBXGroup;
			children = (
				71F3E37E2172591200412AEA /* AppDelegate.swift */,
				7171D1D82173AD0300E92903 /* ExploreViewController.swift */,
				717E5E08217CF866007265EE /* RestaurantViewController.swift */,
				7114099D2180784E004682B7 /* RestaurantDetailViewController.swift */,
				713670F921832837009E35D7 /* ReviewFormViewController.swift */,
				7136710721834224009E35D7 /* PhotoFilterViewController.swift */,
				717E5E0A217CFC08007265EE /* LocationViewController.swift */,
				7100AAD1217D172100276BB9 /* MapViewController.swift */,
				71367113218484FE009E35D7 /* ReviewsViewController.swift */,
				713671192184F81A009E35D7 /* PhotosViewController.swift */,
			);
			path = Controllers;
			sourceTree = "<group>";
		};
		71F3E3992172618400412AEA /* Model */ = {
			isa = PBXGroup;
			children = (
				711409C02180DBE7004682B7 /* plist */,
				7114099F2180A09A004682B7 /* JSON */,
				7136710D2183B2AA009E35D7 /* ReviewItem.swift */,
				7136710F2183B30F009E35D7 /* RestaurantPhotoItem.swift */,
				7171D1DC2173B30B00E92903 /* ExploreItem.swift */,
				711409C12180DD6B004682B7 /* LocationItem.swift */,
				7100AACD217D0D0E00276BB9 /* RestaurantItem.swift */,
				713670FD21832E5F009E35D7 /* FilterItem.swift */,
				7186589521AC6962007F9A39 /* Managers */,
			);
			path = Model;
			sourceTree = "<group>";
		};
		71F3E39A2172619800412AEA /* View */ = {
			isa = PBXGroup;
			children = (
				71E3DB7421934BC500BD7CB1 /* StoryBorads */,
				71E3DB7321934B5100BD7CB1 /* Cells */,
				7186589421AC68F7007F9A39 /* Custom Views */,
				71F3E39221725CA700412AEA /* Assets.xcassets */,
			);
			path = View;
			sourceTree = "<group>";
		};
/* End PBXGroup section */

/* Begin PBXNativeTarget section */
		71F3E37A2172591200412AEA /* Foodies */ = {
			isa = PBXNativeTarget;
			buildConfigurationList = 71F3E38D2172591300412AEA /* Build configuration list for PBXNativeTarget "Foodies" */;
			buildPhases = (
				71F3E3772172591200412AEA /* Sources */,
				71F3E3782172591200412AEA /* Frameworks */,
				71F3E3792172591200412AEA /* Resources */,
			);
			buildRules = (
			);
			dependencies = (
			);
			name = Foodies;
			productName = Foodies;
			productReference = 71F3E37B2172591200412AEA /* Foodies.app */;
			productType = "com.apple.product-type.application";
		};
/* End PBXNativeTarget section */

/* Begin PBXProject section */
		71F3E3732172591200412AEA /* Project object */ = {
			isa = PBXProject;
			attributes = {
				LastSwiftUpdateCheck = 1000;
				LastUpgradeCheck = 1000;
				ORGANIZATIONNAME = "mohamed fawzy";
				TargetAttributes = {
					71F3E37A2172591200412AEA = {
						CreatedOnToolsVersion = 10.0;
					};
				};
			};
			buildConfigurationList = 71F3E3762172591200412AEA /* Build configuration list for PBXProject "Foodies" */;
			compatibilityVersion = "Xcode 9.3";
			developmentRegion = en;
			hasScannedForEncodings = 0;
			knownRegions = (
				en,
				Base,
			);
			mainGroup = 71F3E3722172591200412AEA;
			productRefGroup = 71F3E37C2172591200412AEA /* Products */;
			projectDirPath = "";
			projectRoot = "";
			targets = (
				71F3E37A2172591200412AEA /* Foodies */,
			);
		};
/* End PBXProject section */

/* Begin PBXResourcesBuildPhase section */
		71F3E3792172591200412AEA /* Resources */ = {
			isa = PBXResourcesBuildPhase;
			buildActionMask = 2147483647;
			files = (
				713670F3218261A9009E35D7 /* Review.storyboard in Resources */,
				713670EF21826176009E35D7 /* ResturantDetails.storyboard in Resources */,
				71F3E3892172591300412AEA /* LaunchScreen.storyboard in Resources */,
				71F3E39321725CA700412AEA /* Assets.xcassets in Resources */,
				711409B82180A0AA004682B7 /* Chicago.json in Resources */,
				711409B62180A0AA004682B7 /* Philadelphia.json in Resources */,
				711409B92180A0AA004682B7 /* San Francisco.json in Resources */,
				7171D1DB2173B2DC00E92903 /* ExploreData.plist in Resources */,
				7100AAD4217D1B0F00276BB9 /* MapLocations.plist in Resources */,
				713670ED2182612F009E35D7 /* Resturants.storyboard in Resources */,
				711409B12180A0AA004682B7 /* New York.json in Resources */,
				711409B72180A0AA004682B7 /* Aspen.json in Resources */,
				711409B32180A0AA004682B7 /* Houston.json in Resources */,
				713670EB218260F7009E35D7 /* Location.storyboard in Resources */,
				711409B02180A0AA004682B7 /* New Orleans.json in Resources */,
				713670F6218261C4009E35D7 /* Map.storyboard in Resources */,
				711409CA2181CA24004682B7 /* NoDataView.xib in Resources */,
				711409AF2180A0AA004682B7 /* Las Vegas.json in Resources */,
				713670FC21832DDC009E35D7 /* FilterData.plist in Resources */,
				711409B22180A0AA004682B7 /* Portland.json in Resources */,
				71F3E3842172591200412AEA /* Main.storyboard in Resources */,
				711409AE2180A0AA004682B7 /* Miami.json in Resources */,
				713670F121826198009E35D7 /* PhotoFilter.storyboard in Resources */,
				711409B52180A0AA004682B7 /* Los Angeles.json in Resources */,
				711409BA2180A0AA004682B7 /* San Antonio.json in Resources */,
				713670E9218260E0009E35D7 /* Explore.storyboard in Resources */,
				711409BB2180A0AA004682B7 /* Charleston.json in Resources */,
				711409B42180A0AA004682B7 /* Boston.json in Resources */,
				717E5E0F217D00F8007265EE /* Locations.plist in Resources */,
			);
			runOnlyForDeploymentPostprocessing = 0;
		};
/* End PBXResourcesBuildPhase section */

/* Begin PBXSourcesBuildPhase section */
		71F3E3772172591200412AEA /* Sources */ = {
			isa = PBXSourcesBuildPhase;
			buildActionMask = 2147483647;
			files = (
				7100AAD2217D172100276BB9 /* MapViewController.swift in Sources */,
				7136711A2184F81A009E35D7 /* PhotosViewController.swift in Sources */,
				717E5E0B217CFC08007265EE /* LocationViewController.swift in Sources */,
				7100AACC217D053B00276BB9 /* LocationDataManager.swift in Sources */,
				717E5E09217CF866007265EE /* RestaurantViewController.swift in Sources */,
				711409C22180DD6B004682B7 /* LocationItem.swift in Sources */,
				7136710821834224009E35D7 /* PhotoFilterViewController.swift in Sources */,
				7136710621833F81009E35D7 /* FilterCell.swift in Sources */,
				711409C42181BEAE004682B7 /* RestaurantCell.swift in Sources */,
				7136710221833315009E35D7 /* ImageFiltering.swift in Sources */,
				713671162184890D009E35D7 /* ReviewCell.swift in Sources */,
				7136710021832F2E009E35D7 /* FilterManager.swift in Sources */,
				713671122183B5C1009E35D7 /* CoreDataManager.swift in Sources */,
				7136710B2183AE53009E35D7 /* FoodiesModel.xcdatamodeld in Sources */,
				7100AAD0217D125800276BB9 /* MapDataManager.swift in Sources */,
				713670F82183160F009E35D7 /* RatingsView.swift in Sources */,
				7114099E2180784E004682B7 /* RestaurantDetailViewController.swift in Sources */,
				7100AACE217D0D0E00276BB9 /* RestaurantItem.swift in Sources */,
				7136710E2183B2AA009E35D7 /* ReviewItem.swift in Sources */,
				7132901D217FAE4E007A2285 /* Segue.swift in Sources */,
				7171D1D92173AD0300E92903 /* ExploreViewController.swift in Sources */,
				711409C82181C9E3004682B7 /* NoDataView.swift in Sources */,
				713671102183B30F009E35D7 /* RestaurantPhotoItem.swift in Sources */,
				7171D1DD2173B30B00E92903 /* ExploreItem.swift in Sources */,
				713670FE21832E5F009E35D7 /* FilterItem.swift in Sources */,
				71F3E37F2172591200412AEA /* AppDelegate.swift in Sources */,
				711409C62181C2DA004682B7 /* RestaurantDataManager.swift in Sources */,
				71367114218484FE009E35D7 /* ReviewsViewController.swift in Sources */,
				7171D1DF2173B53700E92903 /* ExploreDataManager.swift in Sources */,
				711409BF2180AA32004682B7 /* ExploreHeaderView.swift in Sources */,
				711409BD2180A0E4004682B7 /* RestaurantAPIManager.swift in Sources */,
				713670FA21832837009E35D7 /* ReviewFormViewController.swift in Sources */,
				713671182184F736009E35D7 /* PhotoCell.swift in Sources */,
				71C6960B21823A0F00994F75 /* ExploreCell.swift in Sources */,
			);
			runOnlyForDeploymentPostprocessing = 0;
		};
/* End PBXSourcesBuildPhase section */

/* Begin PBXVariantGroup section */
		713670F4218261C4009E35D7 /* Map.storyboard */ = {
			isa = PBXVariantGroup;
			children = (
				713670F5218261C4009E35D7 /* Base */,
			);
			name = Map.storyboard;
			sourceTree = "<group>";
		};
		71F3E3822172591200412AEA /* Main.storyboard */ = {
			isa = PBXVariantGroup;
			children = (
				71F3E3832172591200412AEA /* Base */,
			);
			name = Main.storyboard;
			sourceTree = "<group>";
		};
		71F3E3872172591300412AEA /* LaunchScreen.storyboard */ = {
			isa = PBXVariantGroup;
			children = (
				71F3E3882172591300412AEA /* Base */,
			);
			name = LaunchScreen.storyboard;
			sourceTree = "<group>";
		};
/* End PBXVariantGroup section */

/* Begin XCBuildConfiguration section */
		71F3E38B2172591300412AEA /* Debug */ = {
			isa = XCBuildConfiguration;
			buildSettings = {
				ALWAYS_SEARCH_USER_PATHS = NO;
				CLANG_ANALYZER_NONNULL = YES;
				CLANG_ANALYZER_NUMBER_OBJECT_CONVERSION = YES_AGGRESSIVE;
				CLANG_CXX_LANGUAGE_STANDARD = "gnu++14";
				CLANG_CXX_LIBRARY = "libc++";
				CLANG_ENABLE_MODULES = YES;
				CLANG_ENABLE_OBJC_ARC = YES;
				CLANG_ENABLE_OBJC_WEAK = YES;
				CLANG_WARN_BLOCK_CAPTURE_AUTORELEASING = YES;
				CLANG_WARN_BOOL_CONVERSION = YES;
				CLANG_WARN_COMMA = YES;
				CLANG_WARN_CONSTANT_CONVERSION = YES;
				CLANG_WARN_DEPRECATED_OBJC_IMPLEMENTATIONS = YES;
				CLANG_WARN_DIRECT_OBJC_ISA_USAGE = YES_ERROR;
				CLANG_WARN_DOCUMENTATION_COMMENTS = YES;
				CLANG_WARN_EMPTY_BODY = YES;
				CLANG_WARN_ENUM_CONVERSION = YES;
				CLANG_WARN_INFINITE_RECURSION = YES;
				CLANG_WARN_INT_CONVERSION = YES;
				CLANG_WARN_NON_LITERAL_NULL_CONVERSION = YES;
				CLANG_WARN_OBJC_IMPLICIT_RETAIN_SELF = YES;
				CLANG_WARN_OBJC_LITERAL_CONVERSION = YES;
				CLANG_WARN_OBJC_ROOT_CLASS = YES_ERROR;
				CLANG_WARN_RANGE_LOOP_ANALYSIS = YES;
				CLANG_WARN_STRICT_PROTOTYPES = YES;
				CLANG_WARN_SUSPICIOUS_MOVE = YES;
				CLANG_WARN_UNGUARDED_AVAILABILITY = YES_AGGRESSIVE;
				CLANG_WARN_UNREACHABLE_CODE = YES;
				CLANG_WARN__DUPLICATE_METHOD_MATCH = YES;
				CODE_SIGN_IDENTITY = "iPhone Developer";
				COPY_PHASE_STRIP = NO;
				DEBUG_INFORMATION_FORMAT = dwarf;
				ENABLE_STRICT_OBJC_MSGSEND = YES;
				ENABLE_TESTABILITY = YES;
				GCC_C_LANGUAGE_STANDARD = gnu11;
				GCC_DYNAMIC_NO_PIC = NO;
				GCC_NO_COMMON_BLOCKS = YES;
				GCC_OPTIMIZATION_LEVEL = 0;
				GCC_PREPROCESSOR_DEFINITIONS = (
					"DEBUG=1",
					"$(inherited)",
				);
				GCC_WARN_64_TO_32_BIT_CONVERSION = YES;
				GCC_WARN_ABOUT_RETURN_TYPE = YES_ERROR;
				GCC_WARN_UNDECLARED_SELECTOR = YES;
				GCC_WARN_UNINITIALIZED_AUTOS = YES_AGGRESSIVE;
				GCC_WARN_UNUSED_FUNCTION = YES;
				GCC_WARN_UNUSED_VARIABLE = YES;
				IPHONEOS_DEPLOYMENT_TARGET = 12.0;
				MTL_ENABLE_DEBUG_INFO = INCLUDE_SOURCE;
				MTL_FAST_MATH = YES;
				ONLY_ACTIVE_ARCH = YES;
				SDKROOT = iphoneos;
				SWIFT_ACTIVE_COMPILATION_CONDITIONS = DEBUG;
				SWIFT_OPTIMIZATION_LEVEL = "-Onone";
			};
			name = Debug;
		};
		71F3E38C2172591300412AEA /* Release */ = {
			isa = XCBuildConfiguration;
			buildSettings = {
				ALWAYS_SEARCH_USER_PATHS = NO;
				CLANG_ANALYZER_NONNULL = YES;
				CLANG_ANALYZER_NUMBER_OBJECT_CONVERSION = YES_AGGRESSIVE;
				CLANG_CXX_LANGUAGE_STANDARD = "gnu++14";
				CLANG_CXX_LIBRARY = "libc++";
				CLANG_ENABLE_MODULES = YES;
				CLANG_ENABLE_OBJC_ARC = YES;
				CLANG_ENABLE_OBJC_WEAK = YES;
				CLANG_WARN_BLOCK_CAPTURE_AUTORELEASING = YES;
				CLANG_WARN_BOOL_CONVERSION = YES;
				CLANG_WARN_COMMA = YES;
				CLANG_WARN_CONSTANT_CONVERSION = YES;
				CLANG_WARN_DEPRECATED_OBJC_IMPLEMENTATIONS = YES;
				CLANG_WARN_DIRECT_OBJC_ISA_USAGE = YES_ERROR;
				CLANG_WARN_DOCUMENTATION_COMMENTS = YES;
				CLANG_WARN_EMPTY_BODY = YES;
				CLANG_WARN_ENUM_CONVERSION = YES;
				CLANG_WARN_INFINITE_RECURSION = YES;
				CLANG_WARN_INT_CONVERSION = YES;
				CLANG_WARN_NON_LITERAL_NULL_CONVERSION = YES;
				CLANG_WARN_OBJC_IMPLICIT_RETAIN_SELF = YES;
				CLANG_WARN_OBJC_LITERAL_CONVERSION = YES;
				CLANG_WARN_OBJC_ROOT_CLASS = YES_ERROR;
				CLANG_WARN_RANGE_LOOP_ANALYSIS = YES;
				CLANG_WARN_STRICT_PROTOTYPES = YES;
				CLANG_WARN_SUSPICIOUS_MOVE = YES;
				CLANG_WARN_UNGUARDED_AVAILABILITY = YES_AGGRESSIVE;
				CLANG_WARN_UNREACHABLE_CODE = YES;
				CLANG_WARN__DUPLICATE_METHOD_MATCH = YES;
				CODE_SIGN_IDENTITY = "iPhone Developer";
				COPY_PHASE_STRIP = NO;
				DEBUG_INFORMATION_FORMAT = "dwarf-with-dsym";
				ENABLE_NS_ASSERTIONS = NO;
				ENABLE_STRICT_OBJC_MSGSEND = YES;
				GCC_C_LANGUAGE_STANDARD = gnu11;
				GCC_NO_COMMON_BLOCKS = YES;
				GCC_WARN_64_TO_32_BIT_CONVERSION = YES;
				GCC_WARN_ABOUT_RETURN_TYPE = YES_ERROR;
				GCC_WARN_UNDECLARED_SELECTOR = YES;
				GCC_WARN_UNINITIALIZED_AUTOS = YES_AGGRESSIVE;
				GCC_WARN_UNUSED_FUNCTION = YES;
				GCC_WARN_UNUSED_VARIABLE = YES;
				IPHONEOS_DEPLOYMENT_TARGET = 12.0;
				MTL_ENABLE_DEBUG_INFO = NO;
				MTL_FAST_MATH = YES;
				SDKROOT = iphoneos;
				SWIFT_COMPILATION_MODE = wholemodule;
				SWIFT_OPTIMIZATION_LEVEL = "-O";
				VALIDATE_PRODUCT = YES;
			};
			name = Release;
		};
		71F3E38E2172591300412AEA /* Debug */ = {
			isa = XCBuildConfiguration;
			buildSettings = {
				ASSETCATALOG_COMPILER_APPICON_NAME = AppIcon;
				CODE_SIGN_STYLE = Automatic;
				DEVELOPMENT_TEAM = 25HP9SYVZ9;
				INFOPLIST_FILE = Foodies/Info.plist;
				IPHONEOS_DEPLOYMENT_TARGET = 11.0;
				LD_RUNPATH_SEARCH_PATHS = (
					"$(inherited)",
					"@executable_path/Frameworks",
				);
				PRODUCT_BUNDLE_IDENTIFIER = com.MohamedFawzy.Foodies;
				PRODUCT_NAME = "$(TARGET_NAME)";
				SWIFT_VERSION = 4.2;
				TARGETED_DEVICE_FAMILY = "1,2";
			};
			name = Debug;
		};
		71F3E38F2172591300412AEA /* Release */ = {
			isa = XCBuildConfiguration;
			buildSettings = {
				ASSETCATALOG_COMPILER_APPICON_NAME = AppIcon;
				CODE_SIGN_STYLE = Automatic;
				DEVELOPMENT_TEAM = 25HP9SYVZ9;
				INFOPLIST_FILE = Foodies/Info.plist;
				IPHONEOS_DEPLOYMENT_TARGET = 11.0;
				LD_RUNPATH_SEARCH_PATHS = (
					"$(inherited)",
					"@executable_path/Frameworks",
				);
				PRODUCT_BUNDLE_IDENTIFIER = com.MohamedFawzy.Foodies;
				PRODUCT_NAME = "$(TARGET_NAME)";
				SWIFT_VERSION = 4.2;
				TARGETED_DEVICE_FAMILY = "1,2";
			};
			name = Release;
		};
/* End XCBuildConfiguration section */

/* Begin XCConfigurationList section */
		71F3E3762172591200412AEA /* Build configuration list for PBXProject "Foodies" */ = {
			isa = XCConfigurationList;
			buildConfigurations = (
				71F3E38B2172591300412AEA /* Debug */,
				71F3E38C2172591300412AEA /* Release */,
			);
			defaultConfigurationIsVisible = 0;
			defaultConfigurationName = Release;
		};
		71F3E38D2172591300412AEA /* Build configuration list for PBXNativeTarget "Foodies" */ = {
			isa = XCConfigurationList;
			buildConfigurations = (
				71F3E38E2172591300412AEA /* Debug */,
				71F3E38F2172591300412AEA /* Release */,
			);
			defaultConfigurationIsVisible = 0;
			defaultConfigurationName = Release;
		};
/* End XCConfigurationList section */

/* Begin XCVersionGroup section */
		713671092183AE53009E35D7 /* FoodiesModel.xcdatamodeld */ = {
			isa = XCVersionGroup;
			children = (
				7136710A2183AE53009E35D7 /* FoodiesModel.xcdatamodel */,
			);
			currentVersion = 7136710A2183AE53009E35D7 /* FoodiesModel.xcdatamodel */;
			path = FoodiesModel.xcdatamodeld;
			sourceTree = "<group>";
			versionGroupType = wrapper.xcdatamodel;
		};
/* End XCVersionGroup section */
	};
	rootObject = 71F3E3732172591200412AEA /* Project object */;
}
